// !$*UTF8*$!
{
	archiveVersion = 1;
	classes = {
	};
	objectVersion = 46;
	objects = {

/* Begin PBXBuildFile section */
		D246575B1E645D2100D17801 /* AppDelegate.swift in Sources */ = {isa = PBXBuildFile; fileRef = D246575A1E645D2100D17801 /* AppDelegate.swift */; };
		D246575D1E645D2100D17801 /* ViewController.swift in Sources */ = {isa = PBXBuildFile; fileRef = D246575C1E645D2100D17801 /* ViewController.swift */; };
		D24657601E645D2100D17801 /* Main.storyboard in Resources */ = {isa = PBXBuildFile; fileRef = D246575E1E645D2100D17801 /* Main.storyboard */; };
		D24657621E645D2100D17801 /* Assets.xcassets in Resources */ = {isa = PBXBuildFile; fileRef = D24657611E645D2100D17801 /* Assets.xcassets */; };
		D24657651E645D2100D17801 /* LaunchScreen.storyboard in Resources */ = {isa = PBXBuildFile; fileRef = D24657631E645D2100D17801 /* LaunchScreen.storyboard */; };
		D246576D1E64614700D17801 /* MovieCell.swift in Sources */ = {isa = PBXBuildFile; fileRef = D246576C1E64614700D17801 /* MovieCell.swift */; };
		D2CC56231E64857E00FDCB39 /* SecondViewController.swift in Sources */ = {isa = PBXBuildFile; fileRef = D2CC56221E64857E00FDCB39 /* SecondViewController.swift */; };
/* End PBXBuildFile section */

/* Begin PBXFileReference section */
		D24657571E645D2100D17801 /* jenniferbuur_pset3.app */ = {isa = PBXFileReference; explicitFileType = wrapper.application; includeInIndex = 0; path = jenniferbuur_pset3.app; sourceTree = BUILT_PRODUCTS_DIR; };
		D246575A1E645D2100D17801 /* AppDelegate.swift */ = {isa = PBXFileReference; lastKnownFileType = sourcecode.swift; path = AppDelegate.swift; sourceTree = "<group>"; };
		D246575C1E645D2100D17801 /* ViewController.swift */ = {isa = PBXFileReference; lastKnownFileType = sourcecode.swift; path = ViewController.swift; sourceTree = "<group>"; };
		D246575F1E645D2100D17801 /* Base */ = {isa = PBXFileReference; lastKnownFileType = file.storyboard; name = Base; path = Base.lproj/Main.storyboard; sourceTree = "<group>"; };
		D24657611E645D2100D17801 /* Assets.xcassets */ = {isa = PBXFileReference; lastKnownFileType = folder.assetcatalog; path = Assets.xcassets; sourceTree = "<group>"; };
		D24657641E645D2100D17801 /* Base */ = {isa = PBXFileReference; lastKnownFileType = file.storyboard; name = Base; path = Base.lproj/LaunchScreen.storyboard; sourceTree = "<group>"; };
		D24657661E645D2100D17801 /* Info.plist */ = {isa = PBXFileReference; lastKnownFileType = text.plist.xml; path = Info.plist; sourceTree = "<group>"; };
		D246576C1E64614700D17801 /* MovieCell.swift */ = {isa = PBXFileReference; fileEncoding = 4; lastKnownFileType = sourcecode.swift; path = MovieCell.swift; sourceTree = "<group>"; };
		D2CC56221E64857E00FDCB39 /* SecondViewController.swift */ = {isa = PBXFileReference; fileEncoding = 4; lastKnownFileType = sourcecode.swift; path = SecondViewController.swift; sourceTree = "<group>"; };
/* End PBXFileReference section */

/* Begin PBXFrameworksBuildPhase section */
		D24657541E645D2100D17801 /* Frameworks */ = {
			isa = PBXFrameworksBuildPhase;
			buildActionMask = 2147483647;
			files = (
			);
			runOnlyForDeploymentPostprocessing = 0;
		};
/* End PBXFrameworksBuildPhase section */

/* Begin PBXGroup section */
		D246574E1E645D2100D17801 = {
			isa = PBXGroup;
			children = (
				D24657591E645D2100D17801 /* jenniferbuur_pset3 */,
				D24657581E645D2100D17801 /* Products */,
			);
			sourceTree = "<group>";
		};
		D24657581E645D2100D17801 /* Products */ = {
			isa = PBXGroup;
			children = (
				D24657571E645D2100D17801 /* jenniferbuur_pset3.app */,
			);
			name = Products;
			sourceTree = "<group>";
		};
		D24657591E645D2100D17801 /* jenniferbuur_pset3 */ = {
			isa = PBXGroup;
			children = (
				D246575A1E645D2100D17801 /* AppDelegate.swift */,
				D246575C1E645D2100D17801 /* ViewController.swift */,
				D246575E1E645D2100D17801 /* Main.storyboard */,
				D2CC56221E64857E00FDCB39 /* SecondViewController.swift */,
				D246576C1E64614700D17801 /* MovieCell.swift */,
				D24657611E645D2100D17801 /* Assets.xcassets */,
				D24657631E645D2100D17801 /* LaunchScreen.storyboard */,
				D24657661E645D2100D17801 /* Info.plist */,
			);
			path = jenniferbuur_pset3;
			sourceTree = "<group>";
		};
/* End PBXGroup section */

/* Begin PBXNativeTarget section */
		D24657561E645D2100D17801 /* jenniferbuur_pset3 */ = {
			isa = PBXNativeTarget;
			buildConfigurationList = D24657691E645D2100D17801 /* Build configuration list for PBXNativeTarget "jenniferbuur_pset3" */;
			buildPhases = (
				D24657531E645D2100D17801 /* Sources */,
				D24657541E645D2100D17801 /* Frameworks */,
				D24657551E645D2100D17801 /* Resources */,
			);
			buildRules = (
			);
			dependencies = (
			);
			name = jenniferbuur_pset3;
			productName = jenniferbuur_pset3;
			productReference = D24657571E645D2100D17801 /* jenniferbuur_pset3.app */;
			productType = "com.apple.product-type.application";
		};
/* End PBXNativeTarget section */

/* Begin PBXProject section */
		D246574F1E645D2100D17801 /* Project object */ = {
			isa = PBXProject;
			attributes = {
				LastSwiftUpdateCheck = 0820;
				LastUpgradeCheck = 0820;
				ORGANIZATIONNAME = "Jennifer Buur";
				TargetAttributes = {
					D24657561E645D2100D17801 = {
						CreatedOnToolsVersion = 8.2.1;
						ProvisioningStyle = Automatic;
					};
				};
			};
			buildConfigurationList = D24657521E645D2100D17801 /* Build configuration list for PBXProject "jenniferbuur_pset3" */;
			compatibilityVersion = "Xcode 3.2";
			developmentRegion = English;
			hasScannedForEncodings = 0;
			knownRegions = (
				en,
				Base,
			);
			mainGroup = D246574E1E645D2100D17801;
			productRefGroup = D24657581E645D2100D17801 /* Products */;
			projectDirPath = "";
			projectRoot = "";
			targets = (
				D24657561E645D2100D17801 /* jenniferbuur_pset3 */,
			);
		};
/* End PBXProject section */

/* Begin PBXResourcesBuildPhase section */
		D24657551E645D2100D17801 /* Resources */ = {
			isa = PBXResourcesBuildPhase;
			buildActionMask = 2147483647;
			files = (
				D24657651E645D2100D17801 /* LaunchScreen.storyboard in Resources */,
				D24657621E645D2100D17801 /* Assets.xcassets in Resources */,
				D24657601E645D2100D17801 /* Main.storyboard in Resources */,
			);
			runOnlyForDeploymentPostprocessing = 0;
		};
/* End PBXResourcesBuildPhase section */

/* Begin PBXSourcesBuildPhase section */
		D24657531E645D2100D17801 /* Sources */ = {
			isa = PBXSourcesBuildPhase;
			buildActionMask = 2147483647;
			files = (
				D2CC56231E64857E00FDCB39 /* SecondViewController.swift in Sources */,
				D246575D1E645D2100D17801 /* ViewController.swift in Sources */,
				D246575B1E645D2100D17801 /* AppDelegate.swift in Sources */,
				D246576D1E64614700D17801 /* MovieCell.swift in Sources */,
			);
			runOnlyForDeploymentPostprocessing = 0;
		};
/* End PBXSourcesBuildPhase section */

/* Begin PBXVariantGroup section */
		D246575E1E645D2100D17801 /* Main.storyboard */ = {
			isa = PBXVariantGroup;
			children = (
				D246575F1E645D2100D17801 /* Base */,
			);
			name = Main.storyboard;
			sourceTree = "<group>";
		};
		D24657631E645D2100D17801 /* LaunchScreen.storyboard */ = {
			isa = PBXVariantGroup;
			children = (
				D24657641E645D2100D17801 /* Base */,
			);
			name = LaunchScreen.storyboard;
			sourceTree = "<group>";
		};
/* End PBXVariantGroup section */

/* Begin XCBuildConfiguration section */
		D24657671E645D2100D17801 /* Debug */ = {
			isa = XCBuildConfiguration;
			buildSettings = {
				ALWAYS_SEARCH_USER_PATHS = NO;
				CLANG_ANALYZER_NONNULL = YES;
				CLANG_CXX_LANGUAGE_STANDARD = "gnu++0x";
				CLANG_CXX_LIBRARY = "libc++";
				CLANG_ENABLE_MODULES = YES;
				CLANG_ENABLE_OBJC_ARC = YES;
				CLANG_WARN_BOOL_CONVERSION = YES;
				CLANG_WARN_CONSTANT_CONVERSION = YES;
				CLANG_WARN_DIRECT_OBJC_ISA_USAGE = YES_ERROR;
				CLANG_WARN_DOCUMENTATION_COMMENTS = YES;
				CLANG_WARN_EMPTY_BODY = YES;
				CLANG_WARN_ENUM_CONVERSION = YES;
				CLANG_WARN_INFINITE_RECURSION = YES;
				CLANG_WARN_INT_CONVERSION = YES;
				CLANG_WARN_OBJC_ROOT_CLASS = YES_ERROR;
				CLANG_WARN_SUSPICIOUS_MOVE = YES;
				CLANG_WARN_UNREACHABLE_CODE = YES;
				CLANG_WARN__DUPLICATE_METHOD_MATCH = YES;
				"CODE_SIGN_IDENTITY[sdk=iphoneos*]" = "iPhone Developer";
				COPY_PHASE_STRIP = NO;
				DEBUG_INFORMATION_FORMAT = dwarf;
				ENABLE_STRICT_OBJC_MSGSEND = YES;
				ENABLE_TESTABILITY = YES;
				GCC_C_LANGUAGE_STANDARD = gnu99;
				GCC_DYNAMIC_NO_PIC = NO;
				GCC_NO_COMMON_BLOCKS = YES;
				GCC_OPTIMIZATION_LEVEL = 0;
				GCC_PREPROCESSOR_DEFINITIONS = (
					"DEBUG=1",
					"$(inherited)",
				);
				GCC_WARN_64_TO_32_BIT_CONVERSION = YES;
				GCC_WARN_ABOUT_RETURN_TYPE = YES_ERROR;
				GCC_WARN_UNDECLARED_SELECTOR = YES;
				GCC_WARN_UNINITIALIZED_AUTOS = YES_AGGRESSIVE;
				GCC_WARN_UNUSED_FUNCTION = YES;
				GCC_WARN_UNUSED_VARIABLE = YES;
				IPHONEOS_DEPLOYMENT_TARGET = 10.2;
				MTL_ENABLE_DEBUG_INFO = YES;
				ONLY_ACTIVE_ARCH = YES;
				SDKROOT = iphoneos;
				SWIFT_ACTIVE_COMPILATION_CONDITIONS = DEBUG;
				SWIFT_OPTIMIZATION_LEVEL = "-Onone";
				TARGETED_DEVICE_FAMILY = "1,2";
			};
			name = Debug;
		};
		D24657681E645D2100D17801 /* Release */ = {
			isa = XCBuildConfiguration;
			buildSettings = {
				ALWAYS_SEARCH_USER_PATHS = NO;
				CLANG_ANALYZER_NONNULL = YES;
				CLANG_CXX_LANGUAGE_STANDARD = "gnu++0x";
				CLANG_CXX_LIBRARY = "libc++";
				CLANG_ENABLE_MODULES = YES;
				CLANG_ENABLE_OBJC_ARC = YES;
				CLANG_WARN_BOOL_CONVERSION = YES;
				CLANG_WARN_CONSTANT_CONVERSION = YES;
				CLANG_WARN_DIRECT_OBJC_ISA_USAGE = YES_ERROR;
				CLANG_WARN_DOCUMENTATION_COMMENTS = YES;
				CLANG_WARN_EMPTY_BODY = YES;
				CLANG_WARN_ENUM_CONVERSION = YES;
				CLANG_WARN_INFINITE_RECURSION = YES;
				CLANG_WARN_INT_CONVERSION = YES;
				CLANG_WARN_OBJC_ROOT_CLASS = YES_ERROR;
				CLANG_WARN_SUSPICIOUS_MOVE = YES;
				CLANG_WARN_UNREACHABLE_CODE = YES;
				CLANG_WARN__DUPLICATE_METHOD_MATCH = YES;
				"CODE_SIGN_IDENTITY[sdk=iphoneos*]" = "iPhone Developer";
				COPY_PHASE_STRIP = NO;
				DEBUG_INFORMATION_FORMAT = "dwarf-with-dsym";
				ENABLE_NS_ASSERTIONS = NO;
				ENABLE_STRICT_OBJC_MSGSEND = YES;
				GCC_C_LANGUAGE_STANDARD = gnu99;
				GCC_NO_COMMON_BLOCKS = YES;
				GCC_WARN_64_TO_32_BIT_CONVERSION = YES;
				GCC_WARN_ABOUT_RETURN_TYPE = YES_ERROR;
				GCC_WARN_UNDECLARED_SELECTOR = YES;
				GCC_WARN_UNINITIALIZED_AUTOS = YES_AGGRESSIVE;
				GCC_WARN_UNUSED_FUNCTION = YES;
				GCC_WARN_UNUSED_VARIABLE = YES;
				IPHONEOS_DEPLOYMENT_TARGET = 10.2;
				MTL_ENABLE_DEBUG_INFO = NO;
				SDKROOT = iphoneos;
				SWIFT_OPTIMIZATION_LEVEL = "-Owholemodule";
				TARGETED_DEVICE_FAMILY = "1,2";
				VALIDATE_PRODUCT = YES;
			};
			name = Release;
		};
		D246576A1E645D2100D17801 /* Debug */ = {
			isa = XCBuildConfiguration;
			buildSettings = {
				ASSETCATALOG_COMPILER_APPICON_NAME = AppIcon;
				INFOPLIST_FILE = jenniferbuur_pset3/Info.plist;
				LD_RUNPATH_SEARCH_PATHS = "$(inherited) @executable_path/Frameworks";
				PRODUCT_BUNDLE_IDENTIFIER = "nl.mprog.jenniferbuur-pset3";
				PRODUCT_NAME = "$(TARGET_NAME)";
				SWIFT_VERSION = 3.0;
			};
			name = Debug;
		};
		D246576B1E645D2100D17801 /* Release */ = {
			isa = XCBuildConfiguration;
			buildSettings = {
				ASSETCATALOG_COMPILER_APPICON_NAME = AppIcon;
				INFOPLIST_FILE = jenniferbuur_pset3/Info.plist;
				LD_RUNPATH_SEARCH_PATHS = "$(inherited) @executable_path/Frameworks";
				PRODUCT_BUNDLE_IDENTIFIER = "nl.mprog.jenniferbuur-pset3";
				PRODUCT_NAME = "$(TARGET_NAME)";
				SWIFT_VERSION = 3.0;
			};
			name = Release;
		};
/* End XCBuildConfiguration section */

/* Begin XCConfigurationList section */
		D24657521E645D2100D17801 /* Build configuration list for PBXProject "jenniferbuur_pset3" */ = {
			isa = XCConfigurationList;
			buildConfigurations = (
				D24657671E645D2100D17801 /* Debug */,
				D24657681E645D2100D17801 /* Release */,
			);
			defaultConfigurationIsVisible = 0;
			defaultConfigurationName = Release;
		};
		D24657691E645D2100D17801 /* Build configuration list for PBXNativeTarget "jenniferbuur_pset3" */ = {
			isa = XCConfigurationList;
			buildConfigurations = (
				D246576A1E645D2100D17801 /* Debug */,
				D246576B1E645D2100D17801 /* Release */,
			);
			defaultConfigurationIsVisible = 0;
			defaultConfigurationName = Release;
		};
/* End XCConfigurationList section */
	};
	rootObject = D246574F1E645D2100D17801 /* Project object */;
}
